
Microsoft Visual Studio Solution File, Format Version 12.00
# Visual Studio Version 17
VisualStudioVersion = 17.5.33424.131
MinimumVisualStudioVersion = 10.0.40219.1
Project("{FAE04EC0-301F-11D3-BF4B-00C04F79EFBC}") = "JOJO", "JOJO\JOJO.csproj", "{688291BF-2830-4796-B3A6-45ADFFF70B27}"
EndProject
Global
	GlobalSection(SolutionConfigurationPlatforms) = preSolution
		Debug|Any CPU = Debug|Any CPU
		Release|Any CPU = Release|Any CPU
	EndGlobalSection
	GlobalSection(ProjectConfigurationPlatforms) = postSolution
		{688291BF-2830-4796-B3A6-45ADFFF70B27}.Debug|Any CPU.ActiveCfg = Debug|Any CPU
		{688291BF-2830-4796-B3A6-45ADFFF70B27}.Debug|Any CPU.Build.0 = Debug|Any CPU
		{688291BF-2830-4796-B3A6-45ADFFF70B27}.Release|Any CPU.ActiveCfg = Release|Any CPU
		{688291BF-2830-4796-B3A6-45ADFFF70B27}.Release|Any CPU.Build.0 = Release|Any CPU
	EndGlobalSection
	GlobalSection(SolutionProperties) = preSolution
		HideSolutionNode = FALSE
	EndGlobalSection
	GlobalSection(ExtensibilityGlobals) = postSolution
		SolutionGuid = {40D91C0B-115A-430E-A77F-69915D158212}
	EndGlobalSection
EndGlobal
